
Microsoft Visual Studio Solution File, Format Version 12.00
# Visual Studio Version 17
VisualStudioVersion = 17.4.33213.308
MinimumVisualStudioVersion = 10.0.40219.1
Project("{FAE04EC0-301F-11D3-BF4B-00C04F79EFBC}") = "Shiai Helper", "Shiai Helper\Shiai Helper.csproj", "{CAA232AD-E163-4EE8-A095-9256EA340B92}"
EndProject
Global
	GlobalSection(SolutionConfigurationPlatforms) = preSolution
		Debug|Any CPU = Debug|Any CPU
		Release|Any CPU = Release|Any CPU
	EndGlobalSection
	GlobalSection(ProjectConfigurationPlatforms) = postSolution
		{CAA232AD-E163-4EE8-A095-9256EA340B92}.Debug|Any CPU.ActiveCfg = Debug|Any CPU
		{CAA232AD-E163-4EE8-A095-9256EA340B92}.Debug|Any CPU.Build.0 = Debug|Any CPU
		{CAA232AD-E163-4EE8-A095-9256EA340B92}.Release|Any CPU.ActiveCfg = Release|Any CPU
		{CAA232AD-E163-4EE8-A095-9256EA340B92}.Release|Any CPU.Build.0 = Release|Any CPU
	EndGlobalSection
	GlobalSection(SolutionProperties) = preSolution
		HideSolutionNode = FALSE
	EndGlobalSection
	GlobalSection(ExtensibilityGlobals) = postSolution
		SolutionGuid = {C6FD7DE0-C173-4DDC-AF78-C3EB2F7DAEC3}
	EndGlobalSection
EndGlobal
